
Microsoft Visual Studio Solution File, Format Version 12.00
# Visual Studio Version 16
VisualStudioVersion = 16.0.30225.117
MinimumVisualStudioVersion = 10.0.40219.1
Project("{FAE04EC0-301F-11D3-BF4B-00C04F79EFBC}") = "SQLDemo", "SQLDemo.csproj", "{F71F6673-201A-4FE9-B475-5662A4CF40A4}"
EndProject
Global
	GlobalSection(SolutionConfigurationPlatforms) = preSolution
		Debug|Any CPU = Debug|Any CPU
		Release|Any CPU = Release|Any CPU
	EndGlobalSection
	GlobalSection(ProjectConfigurationPlatforms) = postSolution
		{F71F6673-201A-4FE9-B475-5662A4CF40A4}.Debug|Any CPU.ActiveCfg = Debug|Any CPU
		{F71F6673-201A-4FE9-B475-5662A4CF40A4}.Debug|Any CPU.Build.0 = Debug|Any CPU
		{F71F6673-201A-4FE9-B475-5662A4CF40A4}.Release|Any CPU.ActiveCfg = Release|Any CPU
		{F71F6673-201A-4FE9-B475-5662A4CF40A4}.Release|Any CPU.Build.0 = Release|Any CPU
	EndGlobalSection
	GlobalSection(SolutionProperties) = preSolution
		HideSolutionNode = FALSE
	EndGlobalSection
	GlobalSection(ExtensibilityGlobals) = postSolution
		SolutionGuid = {EE4DA833-2060-406A-8F45-6C910A160387}
	EndGlobalSection
EndGlobal
